github.com/raihanmd/golang-module v1.0.0 h1:6nF+7ZmI31jtnaHtTHf6kHBWm2fydatKThTwCDcBwRY=
github.com/raihanmd/golang-module v1.0.0/go.mod h1:SvBGyCyhyGCX/VHm/T1xyRhun/q31HkfkjJbAn3bE1w=
github.com/raihanmd/golang-module v1.0.1 h1:0mctzuAVXTXXNbJ9fGJFJvFAynl/rXwQyIp7U7WP3j4=
github.com/raihanmd/golang-module v1.0.1/go.mod h1:SvBGyCyhyGCX/VHm/T1xyRhun/q31HkfkjJbAn3bE1w=
github.com/raihanmd/golang-module/v2 v2.0.0 h1:p2VQ6EHWTsLnxe4M0oHcae0WKny7wy5pavth2nciLg4=
github.com/raihanmd/golang-module/v2 v2.0.0/go.mod h1:CgLDChqe7AxhXcIpJKisNEW5UmrNt5QHAInL6sPCBlI=
